
Microsoft Visual Studio Solution File, Format Version 12.00
# Visual Studio Version 16
VisualStudioVersion = 16.0.30320.27
MinimumVisualStudioVersion = 10.0.40219.1
Project("{FAE04EC0-301F-11D3-BF4B-00C04F79EFBC}") = "DND Age Converter", "DND Age Converter\DND Age Converter.csproj", "{001DEBE9-1AA2-4F3C-8876-DAF65202C2DC}"
EndProject
Global
	GlobalSection(SolutionConfigurationPlatforms) = preSolution
		Debug|Any CPU = Debug|Any CPU
		Release|Any CPU = Release|Any CPU
	EndGlobalSection
	GlobalSection(ProjectConfigurationPlatforms) = postSolution
		{001DEBE9-1AA2-4F3C-8876-DAF65202C2DC}.Debug|Any CPU.ActiveCfg = Debug|Any CPU
		{001DEBE9-1AA2-4F3C-8876-DAF65202C2DC}.Debug|Any CPU.Build.0 = Debug|Any CPU
		{001DEBE9-1AA2-4F3C-8876-DAF65202C2DC}.Release|Any CPU.ActiveCfg = Release|Any CPU
		{001DEBE9-1AA2-4F3C-8876-DAF65202C2DC}.Release|Any CPU.Build.0 = Release|Any CPU
	EndGlobalSection
	GlobalSection(SolutionProperties) = preSolution
		HideSolutionNode = FALSE
	EndGlobalSection
	GlobalSection(ExtensibilityGlobals) = postSolution
		SolutionGuid = {13D649C4-10B6-4179-9AB4-E6F6CECEB3DA}
	EndGlobalSection
EndGlobal
